
Microsoft Visual Studio Solution File, Format Version 12.00
# Visual Studio Version 17
VisualStudioVersion = 17.14.37516.0 d17.14
MinimumVisualStudioVersion = 10.0.40219.1
Project("{FAE04EC0-301F-11D3-BF4B-00C04F79EFBC}") = "dome", "dome\dome.csproj", "{78F994BB-9EA8-404E-9D35-C6B81D440488}"
EndProject
Global
	GlobalSection(SolutionConfigurationPlatforms) = preSolution
		Debug|Any CPU = Debug|Any CPU
		Release|Any CPU = Release|Any CPU
	EndGlobalSection
	GlobalSection(ProjectConfigurationPlatforms) = postSolution
		{78F994BB-9EA8-404E-9D35-C6B81D440488}.Debug|Any CPU.ActiveCfg = Debug|Any CPU
		{78F994BB-9EA8-404E-9D35-C6B81D440488}.Debug|Any CPU.Build.0 = Debug|Any CPU
		{78F994BB-9EA8-404E-9D35-C6B81D440488}.Release|Any CPU.ActiveCfg = Release|Any CPU
		{78F994BB-9EA8-404E-9D35-C6B81D440488}.Release|Any CPU.Build.0 = Release|Any CPU
	EndGlobalSection
	GlobalSection(SolutionProperties) = preSolution
		HideSolutionNode = FALSE
	EndGlobalSection
	GlobalSection(ExtensibilityGlobals) = postSolution
		SolutionGuid = {63178D3F-C083-478B-B5CD-5412750FA5BD}
	EndGlobalSection
EndGlobal
