
Microsoft Visual Studio Solution File, Format Version 12.00
# Visual Studio Version 17
VisualStudioVersion = 17.14.37516.0 d17.14
MinimumVisualStudioVersion = 10.0.40219.1
Project("{FAE04EC0-301F-11D3-BF4B-00C04F79EFBC}") = "ConsoleApp8-13", "ConsoleApp8-13\ConsoleApp8-13.csproj", "{1600910B-BE70-4571-9CAD-3836E161CDD2}"
EndProject
Global
	GlobalSection(SolutionConfigurationPlatforms) = preSolution
		Debug|Any CPU = Debug|Any CPU
		Release|Any CPU = Release|Any CPU
	EndGlobalSection
	GlobalSection(ProjectConfigurationPlatforms) = postSolution
		{1600910B-BE70-4571-9CAD-3836E161CDD2}.Debug|Any CPU.ActiveCfg = Debug|Any CPU
		{1600910B-BE70-4571-9CAD-3836E161CDD2}.Debug|Any CPU.Build.0 = Debug|Any CPU
		{1600910B-BE70-4571-9CAD-3836E161CDD2}.Release|Any CPU.ActiveCfg = Release|Any CPU
		{1600910B-BE70-4571-9CAD-3836E161CDD2}.Release|Any CPU.Build.0 = Release|Any CPU
	EndGlobalSection
	GlobalSection(SolutionProperties) = preSolution
		HideSolutionNode = FALSE
	EndGlobalSection
	GlobalSection(ExtensibilityGlobals) = postSolution
		SolutionGuid = {D10699CD-B7EF-4718-9B21-D51502AEF2C2}
	EndGlobalSection
EndGlobal
