
Microsoft Visual Studio Solution File, Format Version 12.00
# Visual Studio Version 17
VisualStudioVersion = 17.14.37516.0 d17.14
MinimumVisualStudioVersion = 10.0.40219.1
Project("{FAE04EC0-301F-11D3-BF4B-00C04F79EFBC}") = "ConsoleApp8-14", "ConsoleApp8-14\ConsoleApp8-14.csproj", "{C2C2B93F-53B8-491D-8BAE-2DE7E9861D7F}"
EndProject
Global
	GlobalSection(SolutionConfigurationPlatforms) = preSolution
		Debug|Any CPU = Debug|Any CPU
		Release|Any CPU = Release|Any CPU
	EndGlobalSection
	GlobalSection(ProjectConfigurationPlatforms) = postSolution
		{C2C2B93F-53B8-491D-8BAE-2DE7E9861D7F}.Debug|Any CPU.ActiveCfg = Debug|Any CPU
		{C2C2B93F-53B8-491D-8BAE-2DE7E9861D7F}.Debug|Any CPU.Build.0 = Debug|Any CPU
		{C2C2B93F-53B8-491D-8BAE-2DE7E9861D7F}.Release|Any CPU.ActiveCfg = Release|Any CPU
		{C2C2B93F-53B8-491D-8BAE-2DE7E9861D7F}.Release|Any CPU.Build.0 = Release|Any CPU
	EndGlobalSection
	GlobalSection(SolutionProperties) = preSolution
		HideSolutionNode = FALSE
	EndGlobalSection
	GlobalSection(ExtensibilityGlobals) = postSolution
		SolutionGuid = {8CA5D4B9-C10A-440E-99FD-D1A24B72014D}
	EndGlobalSection
EndGlobal
