
Microsoft Visual Studio Solution File, Format Version 12.00
# Visual Studio Version 17
VisualStudioVersion = 17.14.37516.0 d17.14
MinimumVisualStudioVersion = 10.0.40219.1
Project("{FAE04EC0-301F-11D3-BF4B-00C04F79EFBC}") = "ConsoleApp8-7", "ConsoleApp8-7\ConsoleApp8-7.csproj", "{25718686-368F-4EDB-8810-3419D593F85C}"
EndProject
Global
	GlobalSection(SolutionConfigurationPlatforms) = preSolution
		Debug|Any CPU = Debug|Any CPU
		Release|Any CPU = Release|Any CPU
	EndGlobalSection
	GlobalSection(ProjectConfigurationPlatforms) = postSolution
		{25718686-368F-4EDB-8810-3419D593F85C}.Debug|Any CPU.ActiveCfg = Debug|Any CPU
		{25718686-368F-4EDB-8810-3419D593F85C}.Debug|Any CPU.Build.0 = Debug|Any CPU
		{25718686-368F-4EDB-8810-3419D593F85C}.Release|Any CPU.ActiveCfg = Release|Any CPU
		{25718686-368F-4EDB-8810-3419D593F85C}.Release|Any CPU.Build.0 = Release|Any CPU
	EndGlobalSection
	GlobalSection(SolutionProperties) = preSolution
		HideSolutionNode = FALSE
	EndGlobalSection
	GlobalSection(ExtensibilityGlobals) = postSolution
		SolutionGuid = {6411356F-27C6-40ED-9885-6EE9D919C543}
	EndGlobalSection
EndGlobal
