
Microsoft Visual Studio Solution File, Format Version 12.00
# Visual Studio Version 17
VisualStudioVersion = 17.14.37516.0 d17.14
MinimumVisualStudioVersion = 10.0.40219.1
Project("{FAE04EC0-301F-11D3-BF4B-00C04F79EFBC}") = "ConsoleApp8-12", "ConsoleApp8-12\ConsoleApp8-12.csproj", "{04E8E701-E747-4E85-A06C-06227F28FA10}"
EndProject
Global
	GlobalSection(SolutionConfigurationPlatforms) = preSolution
		Debug|Any CPU = Debug|Any CPU
		Release|Any CPU = Release|Any CPU
	EndGlobalSection
	GlobalSection(ProjectConfigurationPlatforms) = postSolution
		{04E8E701-E747-4E85-A06C-06227F28FA10}.Debug|Any CPU.ActiveCfg = Debug|Any CPU
		{04E8E701-E747-4E85-A06C-06227F28FA10}.Debug|Any CPU.Build.0 = Debug|Any CPU
		{04E8E701-E747-4E85-A06C-06227F28FA10}.Release|Any CPU.ActiveCfg = Release|Any CPU
		{04E8E701-E747-4E85-A06C-06227F28FA10}.Release|Any CPU.Build.0 = Release|Any CPU
	EndGlobalSection
	GlobalSection(SolutionProperties) = preSolution
		HideSolutionNode = FALSE
	EndGlobalSection
	GlobalSection(ExtensibilityGlobals) = postSolution
		SolutionGuid = {3F01DB63-5BF4-4EF6-82BA-6569B3D99C81}
	EndGlobalSection
EndGlobal
